{
  "nodes": {
    "nixpkgs": {
      "locked": {
        "lastModified": 1711707400,
        "narHash": "sha256-ggjKcR3OEmPnaYYB8f7PNXoe9f6NwtHpk/PZID42Hc8=",
        "owner": "NixOS",
        "repo": "nixpkgs",
        "rev": "fb003bf6332198a6134312ae138182de9242a1e6",
        "type": "github"
      },
      "original": {
        "owner": "NixOS",
        "ref": "release-23.11",
        "repo": "nixpkgs",
        "type": "github"
      }
    },
    "root": {
      "inputs": {
        "nixpkgs": "nixpkgs"
      }
    }
  },
  "root": "root",
  "version": 7
}
