{
  "nodes": {
    "nixpkgs": {
      "locked": {
        "lastModified": 1725175310,
        "narHash": "sha256-7jp8z4sCAolDFE+caX1h++idYVHBoytx7afNsfgwvJY=",
        "owner": "NixOS",
        "repo": "nixpkgs",
        "rev": "262dd81ca6449ae7b3bb9547abceac625575fa78",
        "type": "github"
      },
      "original": {
        "owner": "NixOS",
        "ref": "release-24.05",
        "repo": "nixpkgs",
        "type": "github"
      }
    },
    "root": {
      "inputs": {
        "nixpkgs": "nixpkgs"
      }
    }
  },
  "root": "root",
  "version": 7
}
